
Microsoft Visual Studio Solution File, Format Version 12.00
# Visual Studio Version 16
VisualStudioVersion = 16.0.30320.27
MinimumVisualStudioVersion = 10.0.40219.1
Project("{9A19103F-16F7-4668-BE54-9A1E7A4F7556}") = "Mews.Fiscalization.Germany", "Mews.Fiscalization.Germany\Mews.Fiscalization.Germany.csproj", "{EF3A39EB-2821-4CBB-8289-BE44B4900049}"
EndProject
Project("{9A19103F-16F7-4668-BE54-9A1E7A4F7556}") = "Mews.Fiscalization.Germany.Tests", "Mews.Fiscalization.Germany.Tests\Mews.Fiscalization.Germany.Tests.csproj", "{70D2A602-B957-44A1-BF84-769CF736F7A5}"
EndProject
Global
	GlobalSection(SolutionConfigurationPlatforms) = preSolution
		Debug|Any CPU = Debug|Any CPU
		Release|Any CPU = Release|Any CPU
	EndGlobalSection
	GlobalSection(ProjectConfigurationPlatforms) = postSolution
		{EF3A39EB-2821-4CBB-8289-BE44B4900049}.Debug|Any CPU.ActiveCfg = Debug|Any CPU
		{EF3A39EB-2821-4CBB-8289-BE44B4900049}.Debug|Any CPU.Build.0 = Debug|Any CPU
		{EF3A39EB-2821-4CBB-8289-BE44B4900049}.Release|Any CPU.ActiveCfg = Release|Any CPU
		{EF3A39EB-2821-4CBB-8289-BE44B4900049}.Release|Any CPU.Build.0 = Release|Any CPU
		{70D2A602-B957-44A1-BF84-769CF736F7A5}.Debug|Any CPU.ActiveCfg = Debug|Any CPU
		{70D2A602-B957-44A1-BF84-769CF736F7A5}.Debug|Any CPU.Build.0 = Debug|Any CPU
		{70D2A602-B957-44A1-BF84-769CF736F7A5}.Release|Any CPU.ActiveCfg = Release|Any CPU
		{70D2A602-B957-44A1-BF84-769CF736F7A5}.Release|Any CPU.Build.0 = Release|Any CPU
	EndGlobalSection
	GlobalSection(SolutionProperties) = preSolution
		HideSolutionNode = FALSE
	EndGlobalSection
	GlobalSection(ExtensibilityGlobals) = postSolution
		SolutionGuid = {DE522735-BDA7-4D7B-91BF-AB31EDC6044D}
	EndGlobalSection
EndGlobal
