
Microsoft Visual Studio Solution File, Format Version 12.00
# Visual Studio Version 16
VisualStudioVersion = 16.0.30011.22
MinimumVisualStudioVersion = 10.0.40219.1
Project("{9A19103F-16F7-4668-BE54-9A1E7A4F7556}") = "Mews.Fiscalization.Italy", "Mews.Fiscalization.Italy\Mews.Fiscalization.Italy.csproj", "{94F6A615-D185-44E5-A48E-223B44156A06}"
EndProject
Project("{FAE04EC0-301F-11D3-BF4B-00C04F79EFBC}") = "Mews.Fiscalization.Italy.Tests", "Mews.Fiscalization.Italy.Tests\Mews.Fiscalization.Italy.Tests.csproj", "{61B8D511-5FF0-4417-B453-9D8A63A0ECD3}"
EndProject
Project("{FAE04EC0-301F-11D3-BF4B-00C04F79EFBC}") = "Mews.Fiscalization.Uniwix", "Mews.Fiscalization.Uniwix\Mews.Fiscalization.Uniwix.csproj", "{CC3A1849-5B0F-4CBD-A5A4-834DC2CD8205}"
EndProject
Global
	GlobalSection(SolutionConfigurationPlatforms) = preSolution
		Debug|Any CPU = Debug|Any CPU
		Release|Any CPU = Release|Any CPU
	EndGlobalSection
	GlobalSection(ProjectConfigurationPlatforms) = postSolution
		{94F6A615-D185-44E5-A48E-223B44156A06}.Debug|Any CPU.ActiveCfg = Debug|Any CPU
		{94F6A615-D185-44E5-A48E-223B44156A06}.Debug|Any CPU.Build.0 = Debug|Any CPU
		{94F6A615-D185-44E5-A48E-223B44156A06}.Release|Any CPU.ActiveCfg = Release|Any CPU
		{94F6A615-D185-44E5-A48E-223B44156A06}.Release|Any CPU.Build.0 = Release|Any CPU
		{61B8D511-5FF0-4417-B453-9D8A63A0ECD3}.Debug|Any CPU.ActiveCfg = Debug|Any CPU
		{61B8D511-5FF0-4417-B453-9D8A63A0ECD3}.Debug|Any CPU.Build.0 = Debug|Any CPU
		{61B8D511-5FF0-4417-B453-9D8A63A0ECD3}.Release|Any CPU.ActiveCfg = Release|Any CPU
		{61B8D511-5FF0-4417-B453-9D8A63A0ECD3}.Release|Any CPU.Build.0 = Release|Any CPU
		{CC3A1849-5B0F-4CBD-A5A4-834DC2CD8205}.Debug|Any CPU.ActiveCfg = Debug|Any CPU
		{CC3A1849-5B0F-4CBD-A5A4-834DC2CD8205}.Debug|Any CPU.Build.0 = Debug|Any CPU
		{CC3A1849-5B0F-4CBD-A5A4-834DC2CD8205}.Release|Any CPU.ActiveCfg = Release|Any CPU
		{CC3A1849-5B0F-4CBD-A5A4-834DC2CD8205}.Release|Any CPU.Build.0 = Release|Any CPU
	EndGlobalSection
	GlobalSection(SolutionProperties) = preSolution
		HideSolutionNode = FALSE
	EndGlobalSection
	GlobalSection(ExtensibilityGlobals) = postSolution
		SolutionGuid = {B94E27D4-170B-4E2E-BCB8-5F7D35053C85}
	EndGlobalSection
EndGlobal
