
Microsoft Visual Studio Solution File, Format Version 12.00
# Visual Studio Version 16
VisualStudioVersion = 16.0.30011.22
MinimumVisualStudioVersion = 10.0.40219.1
Project("{9A19103F-16F7-4668-BE54-9A1E7A4F7556}") = "Mews.Fiscalization.Czechia", "Mews.Fiscalization.Czechia\Mews.Fiscalization.Czechia.csproj", "{7AF7AD2F-069E-4A2E-9A44-0D12C33AEBCC}"
EndProject
Project("{FAE04EC0-301F-11D3-BF4B-00C04F79EFBC}") = "Mews.Fiscalization.Czechia.Tests", "Mews.Fiscalization.Czechia.Tests\Mews.Fiscalization.Czechia.Tests.csproj", "{49A8EE97-B202-4CB5-9EF3-B3D58A49294D}"
EndProject
Global
	GlobalSection(SolutionConfigurationPlatforms) = preSolution
		Debug|Any CPU = Debug|Any CPU
		Release|Any CPU = Release|Any CPU
	EndGlobalSection
	GlobalSection(ProjectConfigurationPlatforms) = postSolution
		{7AF7AD2F-069E-4A2E-9A44-0D12C33AEBCC}.Debug|Any CPU.ActiveCfg = Debug|Any CPU
		{7AF7AD2F-069E-4A2E-9A44-0D12C33AEBCC}.Debug|Any CPU.Build.0 = Debug|Any CPU
		{7AF7AD2F-069E-4A2E-9A44-0D12C33AEBCC}.Release|Any CPU.ActiveCfg = Release|Any CPU
		{7AF7AD2F-069E-4A2E-9A44-0D12C33AEBCC}.Release|Any CPU.Build.0 = Release|Any CPU
		{49A8EE97-B202-4CB5-9EF3-B3D58A49294D}.Debug|Any CPU.ActiveCfg = Debug|Any CPU
		{49A8EE97-B202-4CB5-9EF3-B3D58A49294D}.Debug|Any CPU.Build.0 = Debug|Any CPU
		{49A8EE97-B202-4CB5-9EF3-B3D58A49294D}.Release|Any CPU.ActiveCfg = Release|Any CPU
		{49A8EE97-B202-4CB5-9EF3-B3D58A49294D}.Release|Any CPU.Build.0 = Release|Any CPU
	EndGlobalSection
	GlobalSection(SolutionProperties) = preSolution
		HideSolutionNode = FALSE
	EndGlobalSection
	GlobalSection(ExtensibilityGlobals) = postSolution
		SolutionGuid = {D4FB585F-C4E8-4926-9D79-14534FF0561C}
	EndGlobalSection
EndGlobal
