
Microsoft Visual Studio Solution File, Format Version 12.00
# Visual Studio Version 16
VisualStudioVersion = 16.0.29613.14
MinimumVisualStudioVersion = 10.0.40219.1
Project("{9A19103F-16F7-4668-BE54-9A1E7A4F7556}") = "Mews.Fiscalization.Greece", "Mews.Fiscalization.Greece\Mews.Fiscalization.Greece.csproj", "{CCBAB56E-EE37-4FFC-ABE4-2910C8E5FB15}"
EndProject
Project("{9A19103F-16F7-4668-BE54-9A1E7A4F7556}") = "Mews.Fiscalization.Greece.Tests", "Mews.Fiscalization.Greece.Tests\Mews.Fiscalization.Greece.Tests.csproj", "{659B94A5-CFCF-4C7F-8B60-01C8DB620317}"
EndProject
Global
	GlobalSection(SolutionConfigurationPlatforms) = preSolution
		Debug|Any CPU = Debug|Any CPU
		Release|Any CPU = Release|Any CPU
	EndGlobalSection
	GlobalSection(ProjectConfigurationPlatforms) = postSolution
		{CCBAB56E-EE37-4FFC-ABE4-2910C8E5FB15}.Debug|Any CPU.ActiveCfg = Debug|Any CPU
		{CCBAB56E-EE37-4FFC-ABE4-2910C8E5FB15}.Debug|Any CPU.Build.0 = Debug|Any CPU
		{CCBAB56E-EE37-4FFC-ABE4-2910C8E5FB15}.Release|Any CPU.ActiveCfg = Release|Any CPU
		{CCBAB56E-EE37-4FFC-ABE4-2910C8E5FB15}.Release|Any CPU.Build.0 = Release|Any CPU
		{659B94A5-CFCF-4C7F-8B60-01C8DB620317}.Debug|Any CPU.ActiveCfg = Debug|Any CPU
		{659B94A5-CFCF-4C7F-8B60-01C8DB620317}.Debug|Any CPU.Build.0 = Debug|Any CPU
		{659B94A5-CFCF-4C7F-8B60-01C8DB620317}.Release|Any CPU.ActiveCfg = Release|Any CPU
		{659B94A5-CFCF-4C7F-8B60-01C8DB620317}.Release|Any CPU.Build.0 = Release|Any CPU
	EndGlobalSection
	GlobalSection(SolutionProperties) = preSolution
		HideSolutionNode = FALSE
	EndGlobalSection
	GlobalSection(ExtensibilityGlobals) = postSolution
		SolutionGuid = {3A7C9D14-E8A2-4136-B59A-1005F026EFCC}
	EndGlobalSection
EndGlobal
