
Microsoft Visual Studio Solution File, Format Version 12.00
# Visual Studio Version 17
VisualStudioVersion = 17.2.32616.157
MinimumVisualStudioVersion = 10.0.40219.1
Project("{9A19103F-16F7-4668-BE54-9A1E7A4F7556}") = "Mews.Fiscalizations.All", "Mews.Fiscalizations.All\Mews.Fiscalizations.All.csproj", "{7ABABD92-3FA1-4ED3-AB80-5BE838163419}"
EndProject
Project("{2150E333-8FDC-42A3-9474-1A3956D46DE8}") = "Fiscalizations", "Fiscalizations", "{688BB599-7F21-4D8B-B030-B482789EB21A}"
EndProject
Project("{2150E333-8FDC-42A3-9474-1A3956D46DE8}") = "Italy", "Italy", "{EC0FB3F2-F33E-4445-BCB0-955EE0204BBB}"
EndProject
Project("{2150E333-8FDC-42A3-9474-1A3956D46DE8}") = "Build", "Build", "{29D50602-F367-42CF-9CE8-FEF650F36A02}"
	ProjectSection(SolutionItems) = preProject
		Mews.Fiscalizations.All.props = Mews.Fiscalizations.All.props
	EndProjectSection
EndProject
Project("{2150E333-8FDC-42A3-9474-1A3956D46DE8}") = "Spain", "Spain", "{F9B7DD75-2D03-434F-81E9-60547C327BE5}"
EndProject
Project("{2150E333-8FDC-42A3-9474-1A3956D46DE8}") = "Austria", "Austria", "{40E0FC7E-8F3B-4CB4-8F51-11D4CB617E9C}"
EndProject
Project("{2150E333-8FDC-42A3-9474-1A3956D46DE8}") = "Germany", "Germany", "{18D3ADF4-30BF-460E-A97B-1A351AD7A985}"
EndProject
Project("{2150E333-8FDC-42A3-9474-1A3956D46DE8}") = "Hungary", "Hungary", "{131BAEDD-D268-4F57-9E34-8FD7BFAEAD47}"
EndProject
Project("{9A19103F-16F7-4668-BE54-9A1E7A4F7556}") = "Mews.Fiscalizations.Austria", "Austria\Mews.Fiscalizations.Austria\Mews.Fiscalizations.Austria.csproj", "{2BE395D1-8709-4E2A-B615-72899E8044AE}"
EndProject
Project("{9A19103F-16F7-4668-BE54-9A1E7A4F7556}") = "Mews.Fiscalizations.Austria.Tests", "Austria\Mews.Fiscalizations.Austria.Tests\Mews.Fiscalizations.Austria.Tests.csproj", "{3657B7B7-26FD-41B9-803A-7EF1B98A10F5}"
EndProject
Project("{9A19103F-16F7-4668-BE54-9A1E7A4F7556}") = "Mews.Fiscalizations.Germany", "Germany\Mews.Fiscalizations.Germany\Mews.Fiscalizations.Germany.csproj", "{7DD44AF6-6334-4D67-8C7A-99C35118C933}"
EndProject
Project("{9A19103F-16F7-4668-BE54-9A1E7A4F7556}") = "Mews.Fiscalizations.Germany.Tests", "Germany\Mews.Fiscalizations.Germany.Tests\Mews.Fiscalizations.Germany.Tests.csproj", "{30A4B03D-E67B-4C1F-9C5C-06F9F0704263}"
EndProject
Project("{9A19103F-16F7-4668-BE54-9A1E7A4F7556}") = "Mews.Fiscalizations.Hungary", "Hungary\Mews.Fiscalizations.Hungary\Mews.Fiscalizations.Hungary.csproj", "{8B17D3FA-A101-4B6A-89DF-7C8E413D121F}"
EndProject
Project("{9A19103F-16F7-4668-BE54-9A1E7A4F7556}") = "Mews.Fiscalizations.Hungary.Tests", "Hungary\Mews.Fiscalizations.Hungary.Tests\Mews.Fiscalizations.Hungary.Tests.csproj", "{4C08A63A-DBDF-46E3-A597-0633EFD8E075}"
EndProject
Project("{9A19103F-16F7-4668-BE54-9A1E7A4F7556}") = "Mews.Fiscalizations.Spain", "Spain\Mews.Fiscalizations.Spain\Mews.Fiscalizations.Spain.csproj", "{B343EDE4-2D03-48AD-B3EF-4E131422BEC7}"
EndProject
Project("{9A19103F-16F7-4668-BE54-9A1E7A4F7556}") = "Mews.Fiscalizations.Spain.Tests", "Spain\Mews.Fiscalizations.Spain.Tests\Mews.Fiscalizations.Spain.Tests.csproj", "{357AEF46-CC32-4AE6-98E2-64A84009C831}"
EndProject
Project("{9A19103F-16F7-4668-BE54-9A1E7A4F7556}") = "Mews.Fiscalizations.Core", "Core\Mews.Fiscalizations.Core\Mews.Fiscalizations.Core.csproj", "{71B9B118-D325-4790-95C3-EDFF47F203BD}"
EndProject
Project("{9A19103F-16F7-4668-BE54-9A1E7A4F7556}") = "Mews.Fiscalizations.Core.Tests", "Core\Mews.Fiscalizations.Core.Tests\Mews.Fiscalizations.Core.Tests.csproj", "{CE9F292B-409D-4C38-B528-C55ADB4056FC}"
EndProject
Project("{9A19103F-16F7-4668-BE54-9A1E7A4F7556}") = "Mews.Fiscalizations.Italy.Tests", "Italy\Mews.Fiscalizations.Italy.Tests\Mews.Fiscalizations.Italy.Tests.csproj", "{A36D3406-9949-4098-AD0D-1AC34829DE8B}"
EndProject
Project("{9A19103F-16F7-4668-BE54-9A1E7A4F7556}") = "Mews.Fiscalizations.Italy", "Italy\Mews.Fiscalizations.Italy\Mews.Fiscalizations.Italy.csproj", "{E0911C51-C4B8-4342-90A3-5838B86DE82D}"
EndProject
Project("{2150E333-8FDC-42A3-9474-1A3956D46DE8}") = "Basque", "Basque", "{8505D550-DEB4-4CE2-B42F-D38CB8718812}"
EndProject
Project("{9A19103F-16F7-4668-BE54-9A1E7A4F7556}") = "Mews.Fiscalizations.Basque", "Basque\Mews.Fiscalizations.Basque\Mews.Fiscalizations.Basque.csproj", "{8FF1D716-4404-47C1-B318-FD1C07B06256}"
EndProject
Project("{9A19103F-16F7-4668-BE54-9A1E7A4F7556}") = "Mews.Fiscalizations.Basque.Tests", "Basque\Mews.Fiscalizations.Basque.Tests\Mews.Fiscalizations.Basque.Tests.csproj", "{9A27DA76-278F-4B87-8AE3-0504C09AA1B8}"
EndProject
Project("{2150E333-8FDC-42A3-9474-1A3956D46DE8}") = "Bizkaia", "Bizkaia", "{B33E5A1D-A667-477D-9AD8-1673192B71BB}"
EndProject
Project("{FAE04EC0-301F-11D3-BF4B-00C04F79EFBC}") = "Mews.Fiscalizations.Bizkaia", "Mews.Fiscalizations.Bizkaia\Mews.Fiscalizations.Bizkaia.csproj", "{145C287C-2D14-4B35-A73A-6A97ABBF3F10}"
EndProject
Project("{FAE04EC0-301F-11D3-BF4B-00C04F79EFBC}") = "Mews.Fiscalizations.Bizkaia.Tests", "Mews.Fiscalizations.Bizkaia.Tests\Mews.Fiscalizations.Bizkaia.Tests.csproj", "{2767CE08-C4C2-4043-AC58-C413ECB64D3A}"
EndProject
Global
	GlobalSection(SolutionConfigurationPlatforms) = preSolution
		Debug|Any CPU = Debug|Any CPU
		Release|Any CPU = Release|Any CPU
	EndGlobalSection
	GlobalSection(ProjectConfigurationPlatforms) = postSolution
		{7ABABD92-3FA1-4ED3-AB80-5BE838163419}.Debug|Any CPU.ActiveCfg = Debug|Any CPU
		{7ABABD92-3FA1-4ED3-AB80-5BE838163419}.Debug|Any CPU.Build.0 = Debug|Any CPU
		{7ABABD92-3FA1-4ED3-AB80-5BE838163419}.Release|Any CPU.ActiveCfg = Release|Any CPU
		{7ABABD92-3FA1-4ED3-AB80-5BE838163419}.Release|Any CPU.Build.0 = Release|Any CPU
		{2BE395D1-8709-4E2A-B615-72899E8044AE}.Debug|Any CPU.ActiveCfg = Debug|Any CPU
		{2BE395D1-8709-4E2A-B615-72899E8044AE}.Debug|Any CPU.Build.0 = Debug|Any CPU
		{2BE395D1-8709-4E2A-B615-72899E8044AE}.Release|Any CPU.ActiveCfg = Release|Any CPU
		{2BE395D1-8709-4E2A-B615-72899E8044AE}.Release|Any CPU.Build.0 = Release|Any CPU
		{3657B7B7-26FD-41B9-803A-7EF1B98A10F5}.Debug|Any CPU.ActiveCfg = Debug|Any CPU
		{3657B7B7-26FD-41B9-803A-7EF1B98A10F5}.Debug|Any CPU.Build.0 = Debug|Any CPU
		{3657B7B7-26FD-41B9-803A-7EF1B98A10F5}.Release|Any CPU.ActiveCfg = Release|Any CPU
		{3657B7B7-26FD-41B9-803A-7EF1B98A10F5}.Release|Any CPU.Build.0 = Release|Any CPU
		{7DD44AF6-6334-4D67-8C7A-99C35118C933}.Debug|Any CPU.ActiveCfg = Debug|Any CPU
		{7DD44AF6-6334-4D67-8C7A-99C35118C933}.Debug|Any CPU.Build.0 = Debug|Any CPU
		{7DD44AF6-6334-4D67-8C7A-99C35118C933}.Release|Any CPU.ActiveCfg = Release|Any CPU
		{7DD44AF6-6334-4D67-8C7A-99C35118C933}.Release|Any CPU.Build.0 = Release|Any CPU
		{30A4B03D-E67B-4C1F-9C5C-06F9F0704263}.Debug|Any CPU.ActiveCfg = Debug|Any CPU
		{30A4B03D-E67B-4C1F-9C5C-06F9F0704263}.Debug|Any CPU.Build.0 = Debug|Any CPU
		{30A4B03D-E67B-4C1F-9C5C-06F9F0704263}.Release|Any CPU.ActiveCfg = Release|Any CPU
		{30A4B03D-E67B-4C1F-9C5C-06F9F0704263}.Release|Any CPU.Build.0 = Release|Any CPU
		{8B17D3FA-A101-4B6A-89DF-7C8E413D121F}.Debug|Any CPU.ActiveCfg = Debug|Any CPU
		{8B17D3FA-A101-4B6A-89DF-7C8E413D121F}.Debug|Any CPU.Build.0 = Debug|Any CPU
		{8B17D3FA-A101-4B6A-89DF-7C8E413D121F}.Release|Any CPU.ActiveCfg = Release|Any CPU
		{8B17D3FA-A101-4B6A-89DF-7C8E413D121F}.Release|Any CPU.Build.0 = Release|Any CPU
		{4C08A63A-DBDF-46E3-A597-0633EFD8E075}.Debug|Any CPU.ActiveCfg = Debug|Any CPU
		{4C08A63A-DBDF-46E3-A597-0633EFD8E075}.Debug|Any CPU.Build.0 = Debug|Any CPU
		{4C08A63A-DBDF-46E3-A597-0633EFD8E075}.Release|Any CPU.ActiveCfg = Release|Any CPU
		{4C08A63A-DBDF-46E3-A597-0633EFD8E075}.Release|Any CPU.Build.0 = Release|Any CPU
		{B343EDE4-2D03-48AD-B3EF-4E131422BEC7}.Debug|Any CPU.ActiveCfg = Debug|Any CPU
		{B343EDE4-2D03-48AD-B3EF-4E131422BEC7}.Debug|Any CPU.Build.0 = Debug|Any CPU
		{B343EDE4-2D03-48AD-B3EF-4E131422BEC7}.Release|Any CPU.ActiveCfg = Release|Any CPU
		{B343EDE4-2D03-48AD-B3EF-4E131422BEC7}.Release|Any CPU.Build.0 = Release|Any CPU
		{357AEF46-CC32-4AE6-98E2-64A84009C831}.Debug|Any CPU.ActiveCfg = Debug|Any CPU
		{357AEF46-CC32-4AE6-98E2-64A84009C831}.Debug|Any CPU.Build.0 = Debug|Any CPU
		{357AEF46-CC32-4AE6-98E2-64A84009C831}.Release|Any CPU.ActiveCfg = Release|Any CPU
		{357AEF46-CC32-4AE6-98E2-64A84009C831}.Release|Any CPU.Build.0 = Release|Any CPU
		{71B9B118-D325-4790-95C3-EDFF47F203BD}.Debug|Any CPU.ActiveCfg = Debug|Any CPU
		{71B9B118-D325-4790-95C3-EDFF47F203BD}.Debug|Any CPU.Build.0 = Debug|Any CPU
		{71B9B118-D325-4790-95C3-EDFF47F203BD}.Release|Any CPU.ActiveCfg = Release|Any CPU
		{71B9B118-D325-4790-95C3-EDFF47F203BD}.Release|Any CPU.Build.0 = Release|Any CPU
		{CE9F292B-409D-4C38-B528-C55ADB4056FC}.Debug|Any CPU.ActiveCfg = Debug|Any CPU
		{CE9F292B-409D-4C38-B528-C55ADB4056FC}.Debug|Any CPU.Build.0 = Debug|Any CPU
		{CE9F292B-409D-4C38-B528-C55ADB4056FC}.Release|Any CPU.ActiveCfg = Release|Any CPU
		{CE9F292B-409D-4C38-B528-C55ADB4056FC}.Release|Any CPU.Build.0 = Release|Any CPU
		{A36D3406-9949-4098-AD0D-1AC34829DE8B}.Debug|Any CPU.ActiveCfg = Debug|Any CPU
		{A36D3406-9949-4098-AD0D-1AC34829DE8B}.Debug|Any CPU.Build.0 = Debug|Any CPU
		{A36D3406-9949-4098-AD0D-1AC34829DE8B}.Release|Any CPU.ActiveCfg = Release|Any CPU
		{A36D3406-9949-4098-AD0D-1AC34829DE8B}.Release|Any CPU.Build.0 = Release|Any CPU
		{E0911C51-C4B8-4342-90A3-5838B86DE82D}.Debug|Any CPU.ActiveCfg = Debug|Any CPU
		{E0911C51-C4B8-4342-90A3-5838B86DE82D}.Debug|Any CPU.Build.0 = Debug|Any CPU
		{E0911C51-C4B8-4342-90A3-5838B86DE82D}.Release|Any CPU.ActiveCfg = Release|Any CPU
		{E0911C51-C4B8-4342-90A3-5838B86DE82D}.Release|Any CPU.Build.0 = Release|Any CPU
		{8FF1D716-4404-47C1-B318-FD1C07B06256}.Debug|Any CPU.ActiveCfg = Debug|Any CPU
		{8FF1D716-4404-47C1-B318-FD1C07B06256}.Debug|Any CPU.Build.0 = Debug|Any CPU
		{8FF1D716-4404-47C1-B318-FD1C07B06256}.Release|Any CPU.ActiveCfg = Release|Any CPU
		{8FF1D716-4404-47C1-B318-FD1C07B06256}.Release|Any CPU.Build.0 = Release|Any CPU
		{9A27DA76-278F-4B87-8AE3-0504C09AA1B8}.Debug|Any CPU.ActiveCfg = Debug|Any CPU
		{9A27DA76-278F-4B87-8AE3-0504C09AA1B8}.Debug|Any CPU.Build.0 = Debug|Any CPU
		{9A27DA76-278F-4B87-8AE3-0504C09AA1B8}.Release|Any CPU.ActiveCfg = Release|Any CPU
		{9A27DA76-278F-4B87-8AE3-0504C09AA1B8}.Release|Any CPU.Build.0 = Release|Any CPU
		{145C287C-2D14-4B35-A73A-6A97ABBF3F10}.Debug|Any CPU.ActiveCfg = Debug|Any CPU
		{145C287C-2D14-4B35-A73A-6A97ABBF3F10}.Debug|Any CPU.Build.0 = Debug|Any CPU
		{145C287C-2D14-4B35-A73A-6A97ABBF3F10}.Release|Any CPU.ActiveCfg = Release|Any CPU
		{145C287C-2D14-4B35-A73A-6A97ABBF3F10}.Release|Any CPU.Build.0 = Release|Any CPU
		{2767CE08-C4C2-4043-AC58-C413ECB64D3A}.Debug|Any CPU.ActiveCfg = Debug|Any CPU
		{2767CE08-C4C2-4043-AC58-C413ECB64D3A}.Debug|Any CPU.Build.0 = Debug|Any CPU
		{2767CE08-C4C2-4043-AC58-C413ECB64D3A}.Release|Any CPU.ActiveCfg = Release|Any CPU
		{2767CE08-C4C2-4043-AC58-C413ECB64D3A}.Release|Any CPU.Build.0 = Release|Any CPU
	EndGlobalSection
	GlobalSection(SolutionProperties) = preSolution
		HideSolutionNode = FALSE
	EndGlobalSection
	GlobalSection(NestedProjects) = preSolution
		{EC0FB3F2-F33E-4445-BCB0-955EE0204BBB} = {688BB599-7F21-4D8B-B030-B482789EB21A}
		{F9B7DD75-2D03-434F-81E9-60547C327BE5} = {688BB599-7F21-4D8B-B030-B482789EB21A}
		{40E0FC7E-8F3B-4CB4-8F51-11D4CB617E9C} = {688BB599-7F21-4D8B-B030-B482789EB21A}
		{18D3ADF4-30BF-460E-A97B-1A351AD7A985} = {688BB599-7F21-4D8B-B030-B482789EB21A}
		{131BAEDD-D268-4F57-9E34-8FD7BFAEAD47} = {688BB599-7F21-4D8B-B030-B482789EB21A}
		{2BE395D1-8709-4E2A-B615-72899E8044AE} = {40E0FC7E-8F3B-4CB4-8F51-11D4CB617E9C}
		{3657B7B7-26FD-41B9-803A-7EF1B98A10F5} = {40E0FC7E-8F3B-4CB4-8F51-11D4CB617E9C}
		{7DD44AF6-6334-4D67-8C7A-99C35118C933} = {18D3ADF4-30BF-460E-A97B-1A351AD7A985}
		{30A4B03D-E67B-4C1F-9C5C-06F9F0704263} = {18D3ADF4-30BF-460E-A97B-1A351AD7A985}
		{8B17D3FA-A101-4B6A-89DF-7C8E413D121F} = {131BAEDD-D268-4F57-9E34-8FD7BFAEAD47}
		{4C08A63A-DBDF-46E3-A597-0633EFD8E075} = {131BAEDD-D268-4F57-9E34-8FD7BFAEAD47}
		{B343EDE4-2D03-48AD-B3EF-4E131422BEC7} = {F9B7DD75-2D03-434F-81E9-60547C327BE5}
		{357AEF46-CC32-4AE6-98E2-64A84009C831} = {F9B7DD75-2D03-434F-81E9-60547C327BE5}
		{A36D3406-9949-4098-AD0D-1AC34829DE8B} = {EC0FB3F2-F33E-4445-BCB0-955EE0204BBB}
		{E0911C51-C4B8-4342-90A3-5838B86DE82D} = {EC0FB3F2-F33E-4445-BCB0-955EE0204BBB}
		{8505D550-DEB4-4CE2-B42F-D38CB8718812} = {688BB599-7F21-4D8B-B030-B482789EB21A}
		{8FF1D716-4404-47C1-B318-FD1C07B06256} = {8505D550-DEB4-4CE2-B42F-D38CB8718812}
		{9A27DA76-278F-4B87-8AE3-0504C09AA1B8} = {8505D550-DEB4-4CE2-B42F-D38CB8718812}
		{B33E5A1D-A667-477D-9AD8-1673192B71BB} = {688BB599-7F21-4D8B-B030-B482789EB21A}
		{145C287C-2D14-4B35-A73A-6A97ABBF3F10} = {B33E5A1D-A667-477D-9AD8-1673192B71BB}
		{2767CE08-C4C2-4043-AC58-C413ECB64D3A} = {B33E5A1D-A667-477D-9AD8-1673192B71BB}
	EndGlobalSection
	GlobalSection(ExtensibilityGlobals) = postSolution
		SolutionGuid = {45EA4E8C-6544-4CDB-A186-28B289C09DFE}
	EndGlobalSection
EndGlobal
